Microsoft Visual Studio Solution File, Format Version 12.00
# Visual Studio Version 17
VisualStudioVersion = 17.10.34928.147
MinimumVisualStudioVersion = 10.0.40219.1
Project("{2150E333-8FDC-42A3-9474-1A3956D46DE8}") = "Shared", "Shared", "{322EC564-00E9-46F4-A289-3D361EDA345F}"
EndProject
Project("{9A19103F-16F7-4668-BE54-9A1E7A4F7556}") = "Shared.App", "Shared\Shared.App\Shared.App.csproj", "{98C4DD48-49CB-4B12-B5F2-D1F469691557}"
EndProject
Project("{9A19103F-16F7-4668-BE54-9A1E7A4F7556}") = "Shared.WebApi", "Shared\Shared.WebApi\Shared.WebApi.csproj", "{178BCB62-4F22-4F68-BF4A-6DA83F1CBC62}"
EndProject
Project("{2150E333-8FDC-42A3-9474-1A3956D46DE8}") = "Infrastructures", "Infrastructures", "{C7D31717-1D3E-4431-90CD-5BC1E7094E5F}"
EndProject
Project("{9A19103F-16F7-4668-BE54-9A1E7A4F7556}") = "Infra.Core", "Infrastructures\Infra.Core\Infra.Core.csproj", "{72E0B9EE-DD31-4873-B56C-4F4CC1033B9C}"
EndProject
Project("{9A19103F-16F7-4668-BE54-9A1E7A4F7556}") = "Infra.Helper", "Infrastructures\Infra.Helper\Infra.Helper.csproj", "{9BA269BD-B5DB-49DA-96AA-BD85DE5DC0FE}"
EndProject
Project("{9A19103F-16F7-4668-BE54-9A1E7A4F7556}") = "Infra.IdGenerater", "Infrastructures\Infra.IdGenerater\Infra.IdGenerater.csproj", "{90CFBBC8-77E6-40FC-8870-5B8B36E0C50E}"
EndProject
Project("{2150E333-8FDC-42A3-9474-1A3956D46DE8}") = "EmailService", "EmailService", "{7D68985A-082B-4131-98F5-48D51592E93B}"
EndProject
Project("{9A19103F-16F7-4668-BE54-9A1E7A4F7556}") = "Email.Api", "EmailService\Email.Api\Email.Api.csproj", "{60F42878-D124-4535-8A73-CC61FEA266FB}"
EndProject
Project("{9A19103F-16F7-4668-BE54-9A1E7A4F7556}") = "Email.App.Contract", "EmailService\Email.App.Contract\Email.App.Contract.csproj", "{CB1C0F45-4D3E-41FE-B418-2CEB916F97C1}"
EndProject
Project("{2150E333-8FDC-42A3-9474-1A3956D46DE8}") = "PrdtService", "PrdtService", "{46038E61-A5AB-44B8-BB8C-F5D035DF0849}"
EndProject
Project("{9A19103F-16F7-4668-BE54-9A1E7A4F7556}") = "Prdt.Api", "PrdtService\Prdt.Api\Prdt.Api.csproj", "{8A93A321-1522-4424-BC18-E4991DD80DD6}"
EndProject
Project("{9A19103F-16F7-4668-BE54-9A1E7A4F7556}") = "Prdt.App.Contract", "PrdtService\Prdt.App.Contract\Prdt.App.Contract.csproj", "{2C7EEE06-DC6F-46BC-A624-9AB4E8316095}"
EndProject
Project("{9A19103F-16F7-4668-BE54-9A1E7A4F7556}") = "Prdt.Repository", "PrdtService\Prdt.Repository\Prdt.Repository.csproj", "{2376F064-1CCB-4532-91D7-F776E70363E2}"
EndProject
Project("{9A19103F-16F7-4668-BE54-9A1E7A4F7556}") = "AspireOrlans.AppHost", "AspireOrlans\AspireOrlans.AppHost\AspireOrlans.AppHost.csproj", "{226DEE7A-00E1-494B-B4CA-564DC18020FD}"
EndProject
Project("{9A19103F-16F7-4668-BE54-9A1E7A4F7556}") = "AspireOrlans.ServiceDefaults", "AspireOrlans\AspireOrlans.ServiceDefaults\AspireOrlans.ServiceDefaults.csproj", "{847A2C46-291D-424F-AEB5-340A875CA86B}"
EndProject
Project("{2150E333-8FDC-42A3-9474-1A3956D46DE8}") = "OdrService", "OdrService", "{147D34A2-8953-423F-A68A-870D6CD5E06D}"
EndProject
Project("{9A19103F-16F7-4668-BE54-9A1E7A4F7556}") = "Odr.Api", "OdrService\Odr.Api\Odr.Api.csproj", "{14F2B07D-4BC2-4776-B18B-981867C36AEB}"
EndProject
Project("{9A19103F-16F7-4668-BE54-9A1E7A4F7556}") = "Odr.App.Contract", "OdrService\Odr.App.Contract\Odr.App.Contract.csproj", "{77E1D4D4-6925-4821-8331-CB87FE175A26}"
EndProject
Project("{9A19103F-16F7-4668-BE54-9A1E7A4F7556}") = "Odr.Repository", "OdrService\Odr.Repository\Odr.Repository.csproj", "{3C9DA88C-FBD8-4DEA-A354-67F39BBEEF4C}"
EndProject
Project("{2150E333-8FDC-42A3-9474-1A3956D46DE8}") = "StoService", "StoService", "{D9DD7CAA-BB9D-4283-B044-55AAB07D84AA}"
EndProject
Project("{9A19103F-16F7-4668-BE54-9A1E7A4F7556}") = "Sto.Api", "StoService\Sto.Api\Sto.Api.csproj", "{CA209DCA-EC41-422E-8BBA-9B94611892A7}"
EndProject
Project("{9A19103F-16F7-4668-BE54-9A1E7A4F7556}") = "Sto.App.Contract", "StoService\Sto.App.Contract\Sto.App.Contract.csproj", "{3E56237C-505D-4260-B574-B273C88B6D3B}"
EndProject
Project("{9A19103F-16F7-4668-BE54-9A1E7A4F7556}") = "Sto.Repository", "StoService\Sto.Repository\Sto.Repository.csproj", "{E5E4DB88-83A9-4997-B772-D8E4400C3F83}"
EndProject
Project("{2150E333-8FDC-42A3-9474-1A3956D46DE8}") = "UsrService", "UsrService", "{214E96EF-8D4C-4C35-BBA7-930263F910F2}"
EndProject
Project("{9A19103F-16F7-4668-BE54-9A1E7A4F7556}") = "Usr.Api", "UsrService\Usr.Api\Usr.Api.csproj", "{E7EC49A9-8762-4553-B2DF-924C6E55F727}"
EndProject
Project("{9A19103F-16F7-4668-BE54-9A1E7A4F7556}") = "Usr.App.Contract", "UsrService\Usr.App.Contract\Usr.App.Contract.csproj", "{83B66428-CAFD-48C5-9807-E30A001FF035}"
EndProject
Project("{9A19103F-16F7-4668-BE54-9A1E7A4F7556}") = "Usr.Repository", "UsrService\Usr.Repository\Usr.Repository.csproj", "{3FF1E851-7FB2-45EA-817B-99B4C4D970D6}"
EndProject
Project("{9A19103F-16F7-4668-BE54-9A1E7A4F7556}") = "Gateway", "Gateway\Gateway.csproj", "{9BFFDC1E-94A5-415A-AD9A-2C39A217E795}"
EndProject
Project("{9A19103F-16F7-4668-BE54-9A1E7A4F7556}") = "GrainInterfaces", "GrainInterfaces\GrainInterfaces.csproj", "{DCF41D29-229D-463D-A3D7-110BC488073F}"
EndProject
Project("{9A19103F-16F7-4668-BE54-9A1E7A4F7556}") = "Grains", "Grains\Grains.csproj", "{0021553B-4ABD-4F3D-98BC-54B6B449D034}"
EndProject
Project("{FAE04EC0-301F-11D3-BF4B-00C04F79EFBC}") = "Service.Config", "Service.Config\Service.Config.csproj", "{0827B7D3-B6F0-4DCA-B356-CC5D511B7341}"
EndProject
Global
	GlobalSection(SolutionConfigurationPlatforms) = preSolution
		Debug|Any CPU = Debug|Any CPU
		Release|Any CPU = Release|Any CPU
	EndGlobalSection
	GlobalSection(ProjectConfigurationPlatforms) = postSolution
		{98C4DD48-49CB-4B12-B5F2-D1F469691557}.Debug|Any CPU.ActiveCfg = Debug|Any CPU
		{98C4DD48-49CB-4B12-B5F2-D1F469691557}.Debug|Any CPU.Build.0 = Debug|Any CPU
		{98C4DD48-49CB-4B12-B5F2-D1F469691557}.Release|Any CPU.ActiveCfg = Release|Any CPU
		{98C4DD48-49CB-4B12-B5F2-D1F469691557}.Release|Any CPU.Build.0 = Release|Any CPU
		{178BCB62-4F22-4F68-BF4A-6DA83F1CBC62}.Debug|Any CPU.ActiveCfg = Debug|Any CPU
		{178BCB62-4F22-4F68-BF4A-6DA83F1CBC62}.Debug|Any CPU.Build.0 = Debug|Any CPU
		{178BCB62-4F22-4F68-BF4A-6DA83F1CBC62}.Release|Any CPU.ActiveCfg = Release|Any CPU
		{178BCB62-4F22-4F68-BF4A-6DA83F1CBC62}.Release|Any CPU.Build.0 = Release|Any CPU
		{72E0B9EE-DD31-4873-B56C-4F4CC1033B9C}.Debug|Any CPU.ActiveCfg = Debug|Any CPU
		{72E0B9EE-DD31-4873-B56C-4F4CC1033B9C}.Debug|Any CPU.Build.0 = Debug|Any CPU
		{72E0B9EE-DD31-4873-B56C-4F4CC1033B9C}.Release|Any CPU.ActiveCfg = Release|Any CPU
		{72E0B9EE-DD31-4873-B56C-4F4CC1033B9C}.Release|Any CPU.Build.0 = Release|Any CPU
		{9BA269BD-B5DB-49DA-96AA-BD85DE5DC0FE}.Debug|Any CPU.ActiveCfg = Debug|Any CPU
		{9BA269BD-B5DB-49DA-96AA-BD85DE5DC0FE}.Debug|Any CPU.Build.0 = Debug|Any CPU
		{9BA269BD-B5DB-49DA-96AA-BD85DE5DC0FE}.Release|Any CPU.ActiveCfg = Release|Any CPU
		{9BA269BD-B5DB-49DA-96AA-BD85DE5DC0FE}.Release|Any CPU.Build.0 = Release|Any CPU
		{90CFBBC8-77E6-40FC-8870-5B8B36E0C50E}.Debug|Any CPU.ActiveCfg = Debug|Any CPU
		{90CFBBC8-77E6-40FC-8870-5B8B36E0C50E}.Debug|Any CPU.Build.0 = Debug|Any CPU
		{90CFBBC8-77E6-40FC-8870-5B8B36E0C50E}.Release|Any CPU.ActiveCfg = Release|Any CPU
		{90CFBBC8-77E6-40FC-8870-5B8B36E0C50E}.Release|Any CPU.Build.0 = Release|Any CPU
		{60F42878-D124-4535-8A73-CC61FEA266FB}.Debug|Any CPU.ActiveCfg = Debug|Any CPU
		{60F42878-D124-4535-8A73-CC61FEA266FB}.Debug|Any CPU.Build.0 = Debug|Any CPU
		{60F42878-D124-4535-8A73-CC61FEA266FB}.Release|Any CPU.ActiveCfg = Release|Any CPU
		{60F42878-D124-4535-8A73-CC61FEA266FB}.Release|Any CPU.Build.0 = Release|Any CPU
		{CB1C0F45-4D3E-41FE-B418-2CEB916F97C1}.Debug|Any CPU.ActiveCfg = Debug|Any CPU
		{CB1C0F45-4D3E-41FE-B418-2CEB916F97C1}.Debug|Any CPU.Build.0 = Debug|Any CPU
		{CB1C0F45-4D3E-41FE-B418-2CEB916F97C1}.Release|Any CPU.ActiveCfg = Release|Any CPU
		{CB1C0F45-4D3E-41FE-B418-2CEB916F97C1}.Release|Any CPU.Build.0 = Release|Any CPU
		{8A93A321-1522-4424-BC18-E4991DD80DD6}.Debug|Any CPU.ActiveCfg = Debug|Any CPU
		{8A93A321-1522-4424-BC18-E4991DD80DD6}.Debug|Any CPU.Build.0 = Debug|Any CPU
		{8A93A321-1522-4424-BC18-E4991DD80DD6}.Release|Any CPU.ActiveCfg = Release|Any CPU
		{8A93A321-1522-4424-BC18-E4991DD80DD6}.Release|Any CPU.Build.0 = Release|Any CPU
		{2C7EEE06-DC6F-46BC-A624-9AB4E8316095}.Debug|Any CPU.ActiveCfg = Debug|Any CPU
		{2C7EEE06-DC6F-46BC-A624-9AB4E8316095}.Debug|Any CPU.Build.0 = Debug|Any CPU
		{2C7EEE06-DC6F-46BC-A624-9AB4E8316095}.Release|Any CPU.ActiveCfg = Release|Any CPU
		{2C7EEE06-DC6F-46BC-A624-9AB4E8316095}.Release|Any CPU.Build.0 = Release|Any CPU
		{2376F064-1CCB-4532-91D7-F776E70363E2}.Debug|Any CPU.ActiveCfg = Debug|Any CPU
		{2376F064-1CCB-4532-91D7-F776E70363E2}.Debug|Any CPU.Build.0 = Debug|Any CPU
		{2376F064-1CCB-4532-91D7-F776E70363E2}.Release|Any CPU.ActiveCfg = Release|Any CPU
		{2376F064-1CCB-4532-91D7-F776E70363E2}.Release|Any CPU.Build.0 = Release|Any CPU
		{226DEE7A-00E1-494B-B4CA-564DC18020FD}.Debug|Any CPU.ActiveCfg = Debug|Any CPU
		{226DEE7A-00E1-494B-B4CA-564DC18020FD}.Debug|Any CPU.Build.0 = Debug|Any CPU
		{226DEE7A-00E1-494B-B4CA-564DC18020FD}.Release|Any CPU.ActiveCfg = Release|Any CPU
		{226DEE7A-00E1-494B-B4CA-564DC18020FD}.Release|Any CPU.Build.0 = Release|Any CPU
		{847A2C46-291D-424F-AEB5-340A875CA86B}.Debug|Any CPU.ActiveCfg = Debug|Any CPU
		{847A2C46-291D-424F-AEB5-340A875CA86B}.Debug|Any CPU.Build.0 = Debug|Any CPU
		{847A2C46-291D-424F-AEB5-340A875CA86B}.Release|Any CPU.ActiveCfg = Release|Any CPU
		{847A2C46-291D-424F-AEB5-340A875CA86B}.Release|Any CPU.Build.0 = Release|Any CPU
		{14F2B07D-4BC2-4776-B18B-981867C36AEB}.Debug|Any CPU.ActiveCfg = Debug|Any CPU
		{14F2B07D-4BC2-4776-B18B-981867C36AEB}.Debug|Any CPU.Build.0 = Debug|Any CPU
		{14F2B07D-4BC2-4776-B18B-981867C36AEB}.Release|Any CPU.ActiveCfg = Release|Any CPU
		{14F2B07D-4BC2-4776-B18B-981867C36AEB}.Release|Any CPU.Build.0 = Release|Any CPU
		{77E1D4D4-6925-4821-8331-CB87FE175A26}.Debug|Any CPU.ActiveCfg = Debug|Any CPU
		{77E1D4D4-6925-4821-8331-CB87FE175A26}.Debug|Any CPU.Build.0 = Debug|Any CPU
		{77E1D4D4-6925-4821-8331-CB87FE175A26}.Release|Any CPU.ActiveCfg = Release|Any CPU
		{77E1D4D4-6925-4821-8331-CB87FE175A26}.Release|Any CPU.Build.0 = Release|Any CPU
		{3C9DA88C-FBD8-4DEA-A354-67F39BBEEF4C}.Debug|Any CPU.ActiveCfg = Debug|Any CPU
		{3C9DA88C-FBD8-4DEA-A354-67F39BBEEF4C}.Debug|Any CPU.Build.0 = Debug|Any CPU
		{3C9DA88C-FBD8-4DEA-A354-67F39BBEEF4C}.Release|Any CPU.ActiveCfg = Release|Any CPU
		{3C9DA88C-FBD8-4DEA-A354-67F39BBEEF4C}.Release|Any CPU.Build.0 = Release|Any CPU
		{CA209DCA-EC41-422E-8BBA-9B94611892A7}.Debug|Any CPU.ActiveCfg = Debug|Any CPU
		{CA209DCA-EC41-422E-8BBA-9B94611892A7}.Debug|Any CPU.Build.0 = Debug|Any CPU
		{CA209DCA-EC41-422E-8BBA-9B94611892A7}.Release|Any CPU.ActiveCfg = Release|Any CPU
		{CA209DCA-EC41-422E-8BBA-9B94611892A7}.Release|Any CPU.Build.0 = Release|Any CPU
		{3E56237C-505D-4260-B574-B273C88B6D3B}.Debug|Any CPU.ActiveCfg = Debug|Any CPU
		{3E56237C-505D-4260-B574-B273C88B6D3B}.Debug|Any CPU.Build.0 = Debug|Any CPU
		{3E56237C-505D-4260-B574-B273C88B6D3B}.Release|Any CPU.ActiveCfg = Release|Any CPU
		{3E56237C-505D-4260-B574-B273C88B6D3B}.Release|Any CPU.Build.0 = Release|Any CPU
		{E5E4DB88-83A9-4997-B772-D8E4400C3F83}.Debug|Any CPU.ActiveCfg = Debug|Any CPU
		{E5E4DB88-83A9-4997-B772-D8E4400C3F83}.Debug|Any CPU.Build.0 = Debug|Any CPU
		{E5E4DB88-83A9-4997-B772-D8E4400C3F83}.Release|Any CPU.ActiveCfg = Release|Any CPU
		{E5E4DB88-83A9-4997-B772-D8E4400C3F83}.Release|Any CPU.Build.0 = Release|Any CPU
		{E7EC49A9-8762-4553-B2DF-924C6E55F727}.Debug|Any CPU.ActiveCfg = Debug|Any CPU
		{E7EC49A9-8762-4553-B2DF-924C6E55F727}.Debug|Any CPU.Build.0 = Debug|Any CPU
		{E7EC49A9-8762-4553-B2DF-924C6E55F727}.Release|Any CPU.ActiveCfg = Release|Any CPU
		{E7EC49A9-8762-4553-B2DF-924C6E55F727}.Release|Any CPU.Build.0 = Release|Any CPU
		{83B66428-CAFD-48C5-9807-E30A001FF035}.Debug|Any CPU.ActiveCfg = Debug|Any CPU
		{83B66428-CAFD-48C5-9807-E30A001FF035}.Debug|Any CPU.Build.0 = Debug|Any CPU
		{83B66428-CAFD-48C5-9807-E30A001FF035}.Release|Any CPU.ActiveCfg = Release|Any CPU
		{83B66428-CAFD-48C5-9807-E30A001FF035}.Release|Any CPU.Build.0 = Release|Any CPU
		{3FF1E851-7FB2-45EA-817B-99B4C4D970D6}.Debug|Any CPU.ActiveCfg = Debug|Any CPU
		{3FF1E851-7FB2-45EA-817B-99B4C4D970D6}.Debug|Any CPU.Build.0 = Debug|Any CPU
		{3FF1E851-7FB2-45EA-817B-99B4C4D970D6}.Release|Any CPU.ActiveCfg = Release|Any CPU
		{3FF1E851-7FB2-45EA-817B-99B4C4D970D6}.Release|Any CPU.Build.0 = Release|Any CPU
		{9BFFDC1E-94A5-415A-AD9A-2C39A217E795}.Debug|Any CPU.ActiveCfg = Debug|Any CPU
		{9BFFDC1E-94A5-415A-AD9A-2C39A217E795}.Debug|Any CPU.Build.0 = Debug|Any CPU
		{9BFFDC1E-94A5-415A-AD9A-2C39A217E795}.Release|Any CPU.ActiveCfg = Release|Any CPU
		{9BFFDC1E-94A5-415A-AD9A-2C39A217E795}.Release|Any CPU.Build.0 = Release|Any CPU
		{DCF41D29-229D-463D-A3D7-110BC488073F}.Debug|Any CPU.ActiveCfg = Debug|Any CPU
		{DCF41D29-229D-463D-A3D7-110BC488073F}.Debug|Any CPU.Build.0 = Debug|Any CPU
		{DCF41D29-229D-463D-A3D7-110BC488073F}.Release|Any CPU.ActiveCfg = Release|Any CPU
		{DCF41D29-229D-463D-A3D7-110BC488073F}.Release|Any CPU.Build.0 = Release|Any CPU
		{0021553B-4ABD-4F3D-98BC-54B6B449D034}.Debug|Any CPU.ActiveCfg = Debug|Any CPU
		{0021553B-4ABD-4F3D-98BC-54B6B449D034}.Debug|Any CPU.Build.0 = Debug|Any CPU
		{0021553B-4ABD-4F3D-98BC-54B6B449D034}.Release|Any CPU.ActiveCfg = Release|Any CPU
		{0021553B-4ABD-4F3D-98BC-54B6B449D034}.Release|Any CPU.Build.0 = Release|Any CPU
		{0827B7D3-B6F0-4DCA-B356-CC5D511B7341}.Debug|Any CPU.ActiveCfg = Debug|Any CPU
		{0827B7D3-B6F0-4DCA-B356-CC5D511B7341}.Debug|Any CPU.Build.0 = Debug|Any CPU
		{0827B7D3-B6F0-4DCA-B356-CC5D511B7341}.Release|Any CPU.ActiveCfg = Release|Any CPU
		{0827B7D3-B6F0-4DCA-B356-CC5D511B7341}.Release|Any CPU.Build.0 = Release|Any CPU
	EndGlobalSection
	GlobalSection(SolutionProperties) = preSolution
		HideSolutionNode = FALSE
	EndGlobalSection
	GlobalSection(NestedProjects) = preSolution
		{98C4DD48-49CB-4B12-B5F2-D1F469691557} = {322EC564-00E9-46F4-A289-3D361EDA345F}
		{178BCB62-4F22-4F68-BF4A-6DA83F1CBC62} = {322EC564-00E9-46F4-A289-3D361EDA345F}
		{72E0B9EE-DD31-4873-B56C-4F4CC1033B9C} = {C7D31717-1D3E-4431-90CD-5BC1E7094E5F}
		{9BA269BD-B5DB-49DA-96AA-BD85DE5DC0FE} = {C7D31717-1D3E-4431-90CD-5BC1E7094E5F}
		{90CFBBC8-77E6-40FC-8870-5B8B36E0C50E} = {C7D31717-1D3E-4431-90CD-5BC1E7094E5F}
		{60F42878-D124-4535-8A73-CC61FEA266FB} = {7D68985A-082B-4131-98F5-48D51592E93B}
		{CB1C0F45-4D3E-41FE-B418-2CEB916F97C1} = {7D68985A-082B-4131-98F5-48D51592E93B}
		{8A93A321-1522-4424-BC18-E4991DD80DD6} = {46038E61-A5AB-44B8-BB8C-F5D035DF0849}
		{2C7EEE06-DC6F-46BC-A624-9AB4E8316095} = {46038E61-A5AB-44B8-BB8C-F5D035DF0849}
		{2376F064-1CCB-4532-91D7-F776E70363E2} = {46038E61-A5AB-44B8-BB8C-F5D035DF0849}
		{14F2B07D-4BC2-4776-B18B-981867C36AEB} = {147D34A2-8953-423F-A68A-870D6CD5E06D}
		{77E1D4D4-6925-4821-8331-CB87FE175A26} = {147D34A2-8953-423F-A68A-870D6CD5E06D}
		{3C9DA88C-FBD8-4DEA-A354-67F39BBEEF4C} = {147D34A2-8953-423F-A68A-870D6CD5E06D}
		{CA209DCA-EC41-422E-8BBA-9B94611892A7} = {D9DD7CAA-BB9D-4283-B044-55AAB07D84AA}
		{3E56237C-505D-4260-B574-B273C88B6D3B} = {D9DD7CAA-BB9D-4283-B044-55AAB07D84AA}
		{E5E4DB88-83A9-4997-B772-D8E4400C3F83} = {D9DD7CAA-BB9D-4283-B044-55AAB07D84AA}
		{E7EC49A9-8762-4553-B2DF-924C6E55F727} = {214E96EF-8D4C-4C35-BBA7-930263F910F2}
		{83B66428-CAFD-48C5-9807-E30A001FF035} = {214E96EF-8D4C-4C35-BBA7-930263F910F2}
		{3FF1E851-7FB2-45EA-817B-99B4C4D970D6} = {214E96EF-8D4C-4C35-BBA7-930263F910F2}
	EndGlobalSection
	GlobalSection(ExtensibilityGlobals) = postSolution
		SolutionGuid = {14561B07-D847-4B75-829F-979798E3FB4A}
	EndGlobalSection
EndGlobal
